
Microsoft Visual Studio Solution File, Format Version 12.00
# Visual Studio Version 17
VisualStudioVersion = 17.14.36616.10 d17.14
MinimumVisualStudioVersion = 10.0.40219.1
Project("{FAE04EC0-301F-11D3-BF4B-00C04F79EFBC}") = "OOP_Hotel", "OOP_Hotel.csproj", "{7898B63F-E118-4AD4-8702-D6C3D56A061F}"
EndProject
Global
	GlobalSection(SolutionConfigurationPlatforms) = preSolution
		Debug|Any CPU = Debug|Any CPU
		Release|Any CPU = Release|Any CPU
	EndGlobalSection
	GlobalSection(ProjectConfigurationPlatforms) = postSolution
		{7898B63F-E118-4AD4-8702-D6C3D56A061F}.Debug|Any CPU.ActiveCfg = Debug|Any CPU
		{7898B63F-E118-4AD4-8702-D6C3D56A061F}.Debug|Any CPU.Build.0 = Debug|Any CPU
		{7898B63F-E118-4AD4-8702-D6C3D56A061F}.Release|Any CPU.ActiveCfg = Release|Any CPU
		{7898B63F-E118-4AD4-8702-D6C3D56A061F}.Release|Any CPU.Build.0 = Release|Any CPU
	EndGlobalSection
	GlobalSection(SolutionProperties) = preSolution
		HideSolutionNode = FALSE
	EndGlobalSection
	GlobalSection(ExtensibilityGlobals) = postSolution
		SolutionGuid = {3580D854-2123-44BB-9BFA-F528B48F6E69}
	EndGlobalSection
EndGlobal
